Microsoft Visual Studio Solution File, Format Version 11.00
# Visual Studio 2008

Project("{7C915E58-DD08-0FB4-F60C-A3853A8AAFF1}") = "VR Menu Reference", "Assembly-CSharp.csproj", "{BFC56D35-6B98-80CC-7C7D-838FFE967AA0}"
EndProject
Project("{7C915E58-DD08-0FB4-F60C-A3853A8AAFF1}") = "VR Menu Reference", "Assembly-CSharp-Editor.csproj", "{5A30DF8D-09F1-CA4F-81CC-7C97C71D15E5}"
EndProject
Global
	GlobalSection(SolutionConfigurationPlatforms) = preSolution
		Debug|Any CPU = Debug|Any CPU
		Release|Any CPU = Release|Any CPU
	EndGlobalSection
	GlobalSection(ProjectConfigurationPlatforms) = postSolution
		{BFC56D35-6B98-80CC-7C7D-838FFE967AA0}.Debug|Any CPU.ActiveCfg = Debug|Any CPU
		{BFC56D35-6B98-80CC-7C7D-838FFE967AA0}.Debug|Any CPU.Build.0 = Debug|Any CPU
		{BFC56D35-6B98-80CC-7C7D-838FFE967AA0}.Release|Any CPU.ActiveCfg = Release|Any CPU
		{BFC56D35-6B98-80CC-7C7D-838FFE967AA0}.Release|Any CPU.Build.0 = Release|Any CPU
		{5A30DF8D-09F1-CA4F-81CC-7C97C71D15E5}.Debug|Any CPU.ActiveCfg = Debug|Any CPU
		{5A30DF8D-09F1-CA4F-81CC-7C97C71D15E5}.Debug|Any CPU.Build.0 = Debug|Any CPU
		{5A30DF8D-09F1-CA4F-81CC-7C97C71D15E5}.Release|Any CPU.ActiveCfg = Release|Any CPU
		{5A30DF8D-09F1-CA4F-81CC-7C97C71D15E5}.Release|Any CPU.Build.0 = Release|Any CPU
	EndGlobalSection
	GlobalSection(SolutionProperties) = preSolution
		HideSolutionNode = FALSE
	EndGlobalSection
	GlobalSection(MonoDevelopProperties) = preSolution
		StartupItem = Assembly-CSharp.csproj
	EndGlobalSection
EndGlobal
