Microsoft Visual Studio Solution File, Format Version 11.00
# Visual Studio 2008

Project("{DDADD1EB-942A-6171-87C3-247D3945EEE2}") = "VR Menu Reference 2", "Assembly-CSharp.csproj", "{B9FBFA3C-61E2-4614-2392-7A4D9986E101}"
EndProject
Project("{DDADD1EB-942A-6171-87C3-247D3945EEE2}") = "VR Menu Reference 2", "Assembly-CSharp-Editor.csproj", "{9E2AB104-3826-531C-A02D-B71AB040C4C3}"
EndProject
Global
	GlobalSection(SolutionConfigurationPlatforms) = preSolution
		Debug|Any CPU = Debug|Any CPU
		Release|Any CPU = Release|Any CPU
	EndGlobalSection
	GlobalSection(ProjectConfigurationPlatforms) = postSolution
		{B9FBFA3C-61E2-4614-2392-7A4D9986E101}.Debug|Any CPU.ActiveCfg = Debug|Any CPU
		{B9FBFA3C-61E2-4614-2392-7A4D9986E101}.Debug|Any CPU.Build.0 = Debug|Any CPU
		{B9FBFA3C-61E2-4614-2392-7A4D9986E101}.Release|Any CPU.ActiveCfg = Release|Any CPU
		{B9FBFA3C-61E2-4614-2392-7A4D9986E101}.Release|Any CPU.Build.0 = Release|Any CPU
		{9E2AB104-3826-531C-A02D-B71AB040C4C3}.Debug|Any CPU.ActiveCfg = Debug|Any CPU
		{9E2AB104-3826-531C-A02D-B71AB040C4C3}.Debug|Any CPU.Build.0 = Debug|Any CPU
		{9E2AB104-3826-531C-A02D-B71AB040C4C3}.Release|Any CPU.ActiveCfg = Release|Any CPU
		{9E2AB104-3826-531C-A02D-B71AB040C4C3}.Release|Any CPU.Build.0 = Release|Any CPU
	EndGlobalSection
	GlobalSection(SolutionProperties) = preSolution
		HideSolutionNode = FALSE
	EndGlobalSection
	GlobalSection(MonoDevelopProperties) = preSolution
		StartupItem = Assembly-CSharp.csproj
	EndGlobalSection
EndGlobal
